{
    "_readme": [
        "This file locks the dependencies of your project to a known state",
        "Read more about it at https://getcomposer.org/doc/01-basic-usage.md#installing-dependencies",
        "This file is @generated automatically"
    ],
    "content-hash": "a9754765bf9fd0310c54718663eab720",
    "packages": [
        {
            "name": "fidele007/bakong-khqr-php",
            "version": "v1.0.0",
            "source": {
                "type": "git",
                "url": "https://github.com/fidele007/bakong-khqr-php.git",
                "reference": "1642dbf1292d6170b5adbfdf131c8a3317027a92"
            },
            "dist": {
                "type": "zip",
                "url": "https://api.github.com/repos/fidele007/bakong-khqr-php/zipball/1642dbf1292d6170b5adbfdf131c8a3317027a92",
                "reference": "1642dbf1292d6170b5adbfdf131c8a3317027a92",
                "shasum": ""
            },
            "require": {
                "php": ">=7.4"
            },
            "require-dev": {
                "laravel/pint": "^1.21",
                "phpstan/phpstan": "^1.12",
                "phpunit/phpunit": "^9.6",
                "rector/rector": "^1.2",
                "roave/security-advisories": "dev-latest"
            },
            "type": "library",
            "autoload": {
                "psr-4": {
                    "KHQR\\": "src/"
                }
            },
            "notification-url": "https://packagist.org/downloads/",
            "license": [
                "MIT"
            ],
            "authors": [
                {
                    "name": "Force Fidele KIEN",
                    "email": "forcefidele@gmail.com",
                    "homepage": "https://fidele007.github.io",
                    "role": "Developer"
                }
            ],
            "description": "A pure PHP implementation of the Bakong KHQR SDK",
            "keywords": [
                "bakong",
                "khqr"
            ],
            "support": {
                "issues": "https://github.com/fidele007/bakong-khqr-php/issues",
                "source": "https://github.com/fidele007/bakong-khqr-php/tree/v1.0.0"
            },
            "funding": [
                {
                    "url": "https://www.github.com/sponsors/fidele007",
                    "type": "github"
                }
            ],
            "time": "2025-02-24T00:37:30+00:00"
        }
    ],
    "packages-dev": [],
    "aliases": [],
    "minimum-stability": "stable",
    "stability-flags": [],
    "prefer-stable": false,
    "prefer-lowest": false,
    "platform": [],
    "platform-dev": [],
    "plugin-api-version": "2.3.0"
}
